
Microsoft Visual Studio Solution File, Format Version 12.00
# Visual Studio Version 17
VisualStudioVersion = 17.4.33205.214
MinimumVisualStudioVersion = 10.0.40219.1
Project("{9A19103F-16F7-4668-BE54-9A1E7A4F7556}") = "1-Pagination", "1-Pagination\1-Pagination.csproj", "{4B998144-56FC-4106-B51B-7E88E58E4A89}"
EndProject
Project("{FAE04EC0-301F-11D3-BF4B-00C04F79EFBC}") = "DynamicType", "DynamicType\DynamicType.csproj", "{B9C82ADC-6FFA-4BD6-9CF7-F8E532B514DA}"
EndProject
Project("{FAE04EC0-301F-11D3-BF4B-00C04F79EFBC}") = "RecordKullanimi", "RecordKullanimi\RecordKullanimi.csproj", "{CD6F92C4-E3BB-4606-B8CA-57FA7D26C9F4}"
EndProject
Global
	GlobalSection(SolutionConfigurationPlatforms) = preSolution
		Debug|Any CPU = Debug|Any CPU
		Release|Any CPU = Release|Any CPU
	EndGlobalSection
	GlobalSection(ProjectConfigurationPlatforms) = postSolution
		{4B998144-56FC-4106-B51B-7E88E58E4A89}.Debug|Any CPU.ActiveCfg = Debug|Any CPU
		{4B998144-56FC-4106-B51B-7E88E58E4A89}.Debug|Any CPU.Build.0 = Debug|Any CPU
		{4B998144-56FC-4106-B51B-7E88E58E4A89}.Release|Any CPU.ActiveCfg = Release|Any CPU
		{4B998144-56FC-4106-B51B-7E88E58E4A89}.Release|Any CPU.Build.0 = Release|Any CPU
		{B9C82ADC-6FFA-4BD6-9CF7-F8E532B514DA}.Debug|Any CPU.ActiveCfg = Debug|Any CPU
		{B9C82ADC-6FFA-4BD6-9CF7-F8E532B514DA}.Debug|Any CPU.Build.0 = Debug|Any CPU
		{B9C82ADC-6FFA-4BD6-9CF7-F8E532B514DA}.Release|Any CPU.ActiveCfg = Release|Any CPU
		{B9C82ADC-6FFA-4BD6-9CF7-F8E532B514DA}.Release|Any CPU.Build.0 = Release|Any CPU
		{CD6F92C4-E3BB-4606-B8CA-57FA7D26C9F4}.Debug|Any CPU.ActiveCfg = Debug|Any CPU
		{CD6F92C4-E3BB-4606-B8CA-57FA7D26C9F4}.Debug|Any CPU.Build.0 = Debug|Any CPU
		{CD6F92C4-E3BB-4606-B8CA-57FA7D26C9F4}.Release|Any CPU.ActiveCfg = Release|Any CPU
		{CD6F92C4-E3BB-4606-B8CA-57FA7D26C9F4}.Release|Any CPU.Build.0 = Release|Any CPU
	EndGlobalSection
	GlobalSection(SolutionProperties) = preSolution
		HideSolutionNode = FALSE
	EndGlobalSection
	GlobalSection(ExtensibilityGlobals) = postSolution
		SolutionGuid = {0FA88A8B-2001-41B7-916A-582C2F9128DD}
	EndGlobalSection
EndGlobal
